// !$*UTF8*$!
{
	archiveVersion = 1;
	classes = {
	};
	objectVersion = 50;
	objects = {

/* Begin PBXBuildFile section */
		E91DDDBA25AE0A2D001AC83E /* test_parallel.hpp in Sources */ = {isa = PBXBuildFile; fileRef = E91DDDB925AE0A2D001AC83E /* test_parallel.hpp */; };
		E9FDCEBC25ADEEA5008CC514 /* main.cpp in Sources */ = {isa = PBXBuildFile; fileRef = E9FDCEBB25ADEEA5008CC514 /* main.cpp */; };
		E9FDCEC925ADEED6008CC514 /* pi_circle.hpp in Sources */ = {isa = PBXBuildFile; fileRef = E9FDCEC525ADEED6008CC514 /* pi_circle.hpp */; };
		E9FDCED525AE05C2008CC514 /* horse_run.hpp in Sources */ = {isa = PBXBuildFile; fileRef = E9FDCED425AE05C2008CC514 /* horse_run.hpp */; };
/* End PBXBuildFile section */

/* Begin PBXCopyFilesBuildPhase section */
		E9FDCEB625ADEEA5008CC514 /* CopyFiles */ = {
			isa = PBXCopyFilesBuildPhase;
			buildActionMask = 2147483647;
			dstPath = /usr/share/man/man1/;
			dstSubfolderSpec = 0;
			files = (
			);
			runOnlyForDeploymentPostprocessing = 1;
		};
/* End PBXCopyFilesBuildPhase section */

/* Begin PBXFileReference section */
		E91DDDB925AE0A2D001AC83E /* test_parallel.hpp */ = {isa = PBXFileReference; lastKnownFileType = sourcecode.cpp.h; path = test_parallel.hpp; sourceTree = "<group>"; };
		E943E4E125C9A84F001369DB /* quick_sort.hpp */ = {isa = PBXFileReference; lastKnownFileType = sourcecode.cpp.h; path = quick_sort.hpp; sourceTree = "<group>"; };
		E9FDCEB825ADEEA5008CC514 /* Exercices */ = {isa = PBXFileReference; explicitFileType = "compiled.mach-o.executable"; includeInIndex = 0; path = Exercices; sourceTree = BUILT_PRODUCTS_DIR; };
		E9FDCEBB25ADEEA5008CC514 /* main.cpp */ = {isa = PBXFileReference; lastKnownFileType = sourcecode.cpp.cpp; path = main.cpp; sourceTree = "<group>"; };
		E9FDCEC525ADEED6008CC514 /* pi_circle.hpp */ = {isa = PBXFileReference; fileEncoding = 4; lastKnownFileType = sourcecode.cpp.h; path = pi_circle.hpp; sourceTree = "<group>"; };
		E9FDCED425AE05C2008CC514 /* horse_run.hpp */ = {isa = PBXFileReference; lastKnownFileType = sourcecode.cpp.h; name = horse_run.hpp; path = "/Users/fabienduranson/Desktop/Pougne:Pro/ECL/INFO/Embarque/Exercices/Exercices/Exercices/horse_run.hpp"; sourceTree = "<absolute>"; };
/* End PBXFileReference section */

/* Begin PBXFrameworksBuildPhase section */
		E9FDCEB525ADEEA5008CC514 /* Frameworks */ = {
			isa = PBXFrameworksBuildPhase;
			buildActionMask = 2147483647;
			files = (
			);
			runOnlyForDeploymentPostprocessing = 0;
		};
/* End PBXFrameworksBuildPhase section */

/* Begin PBXGroup section */
		E9FDCEAF25ADEEA5008CC514 = {
			isa = PBXGroup;
			children = (
				E9FDCEBA25ADEEA5008CC514 /* Exercices */,
				E9FDCEB925ADEEA5008CC514 /* Products */,
			);
			sourceTree = "<group>";
		};
		E9FDCEB925ADEEA5008CC514 /* Products */ = {
			isa = PBXGroup;
			children = (
				E9FDCEB825ADEEA5008CC514 /* Exercices */,
			);
			name = Products;
			sourceTree = "<group>";
		};
		E9FDCEBA25ADEEA5008CC514 /* Exercices */ = {
			isa = PBXGroup;
			children = (
				E9FDCED425AE05C2008CC514 /* horse_run.hpp */,
				E9FDCEC525ADEED6008CC514 /* pi_circle.hpp */,
				E9FDCEBB25ADEEA5008CC514 /* main.cpp */,
				E91DDDB925AE0A2D001AC83E /* test_parallel.hpp */,
				E943E4E125C9A84F001369DB /* quick_sort.hpp */,
			);
			path = Exercices;
			sourceTree = "<group>";
		};
/* End PBXGroup section */

/* Begin PBXNativeTarget section */
		E9FDCEB725ADEEA5008CC514 /* Exercices */ = {
			isa = PBXNativeTarget;
			buildConfigurationList = E9FDCEBF25ADEEA5008CC514 /* Build configuration list for PBXNativeTarget "Exercices" */;
			buildPhases = (
				E9FDCEB425ADEEA5008CC514 /* Sources */,
				E9FDCEB525ADEEA5008CC514 /* Frameworks */,
				E9FDCEB625ADEEA5008CC514 /* CopyFiles */,
			);
			buildRules = (
			);
			dependencies = (
			);
			name = Exercices;
			productName = Exercices;
			productReference = E9FDCEB825ADEEA5008CC514 /* Exercices */;
			productType = "com.apple.product-type.tool";
		};
/* End PBXNativeTarget section */

/* Begin PBXProject section */
		E9FDCEB025ADEEA5008CC514 /* Project object */ = {
			isa = PBXProject;
			attributes = {
				LastUpgradeCheck = 1220;
				TargetAttributes = {
					E9FDCEB725ADEEA5008CC514 = {
						CreatedOnToolsVersion = 12.2;
					};
				};
			};
			buildConfigurationList = E9FDCEB325ADEEA5008CC514 /* Build configuration list for PBXProject "Exercices" */;
			compatibilityVersion = "Xcode 9.3";
			developmentRegion = en;
			hasScannedForEncodings = 0;
			knownRegions = (
				en,
				Base,
			);
			mainGroup = E9FDCEAF25ADEEA5008CC514;
			productRefGroup = E9FDCEB925ADEEA5008CC514 /* Products */;
			projectDirPath = "";
			projectRoot = "";
			targets = (
				E9FDCEB725ADEEA5008CC514 /* Exercices */,
			);
		};
/* End PBXProject section */

/* Begin PBXSourcesBuildPhase section */
		E9FDCEB425ADEEA5008CC514 /* Sources */ = {
			isa = PBXSourcesBuildPhase;
			buildActionMask = 2147483647;
			files = (
				E9FDCEBC25ADEEA5008CC514 /* main.cpp in Sources */,
				E9FDCEC925ADEED6008CC514 /* pi_circle.hpp in Sources */,
				E91DDDBA25AE0A2D001AC83E /* test_parallel.hpp in Sources */,
				E9FDCED525AE05C2008CC514 /* horse_run.hpp in Sources */,
			);
			runOnlyForDeploymentPostprocessing = 0;
		};
/* End PBXSourcesBuildPhase section */

/* Begin XCBuildConfiguration section */
		E9FDCEBD25ADEEA5008CC514 /* Debug */ = {
			isa = XCBuildConfiguration;
			buildSettings = {
				ALWAYS_SEARCH_USER_PATHS = NO;
				CLANG_ANALYZER_NONNULL = YES;
				CLANG_ANALYZER_NUMBER_OBJECT_CONVERSION = YES_AGGRESSIVE;
				CLANG_CXX_LANGUAGE_STANDARD = "gnu++14";
				CLANG_CXX_LIBRARY = "libc++";
				CLANG_ENABLE_MODULES = YES;
				CLANG_ENABLE_OBJC_ARC = YES;
				CLANG_ENABLE_OBJC_WEAK = YES;
				CLANG_WARN_BLOCK_CAPTURE_AUTORELEASING = YES;
				CLANG_WARN_BOOL_CONVERSION = YES;
				CLANG_WARN_COMMA = YES;
				CLANG_WARN_CONSTANT_CONVERSION = YES;
				CLANG_WARN_DEPRECATED_OBJC_IMPLEMENTATIONS = YES;
				CLANG_WARN_DIRECT_OBJC_ISA_USAGE = YES_ERROR;
				CLANG_WARN_DOCUMENTATION_COMMENTS = YES;
				CLANG_WARN_EMPTY_BODY = YES;
				CLANG_WARN_ENUM_CONVERSION = YES;
				CLANG_WARN_INFINITE_RECURSION = YES;
				CLANG_WARN_INT_CONVERSION = YES;
				CLANG_WARN_NON_LITERAL_NULL_CONVERSION = YES;
				CLANG_WARN_OBJC_IMPLICIT_RETAIN_SELF = YES;
				CLANG_WARN_OBJC_LITERAL_CONVERSION = YES;
				CLANG_WARN_OBJC_ROOT_CLASS = YES_ERROR;
				CLANG_WARN_QUOTED_INCLUDE_IN_FRAMEWORK_HEADER = YES;
				CLANG_WARN_RANGE_LOOP_ANALYSIS = YES;
				CLANG_WARN_STRICT_PROTOTYPES = YES;
				CLANG_WARN_SUSPICIOUS_MOVE = YES;
				CLANG_WARN_UNGUARDED_AVAILABILITY = YES_AGGRESSIVE;
				CLANG_WARN_UNREACHABLE_CODE = YES;
				CLANG_WARN__DUPLICATE_METHOD_MATCH = YES;
				COPY_PHASE_STRIP = NO;
				DEBUG_INFORMATION_FORMAT = dwarf;
				ENABLE_STRICT_OBJC_MSGSEND = YES;
				ENABLE_TESTABILITY = YES;
				GCC_C_LANGUAGE_STANDARD = gnu11;
				GCC_DYNAMIC_NO_PIC = NO;
				GCC_NO_COMMON_BLOCKS = YES;
				GCC_OPTIMIZATION_LEVEL = 0;
				GCC_PREPROCESSOR_DEFINITIONS = (
					"DEBUG=1",
					"$(inherited)",
				);
				GCC_WARN_64_TO_32_BIT_CONVERSION = YES;
				GCC_WARN_ABOUT_RETURN_TYPE = YES_ERROR;
				GCC_WARN_UNDECLARED_SELECTOR = YES;
				GCC_WARN_UNINITIALIZED_AUTOS = YES_AGGRESSIVE;
				GCC_WARN_UNUSED_FUNCTION = YES;
				GCC_WARN_UNUSED_VARIABLE = YES;
				MACOSX_DEPLOYMENT_TARGET = 10.15;
				MTL_ENABLE_DEBUG_INFO = INCLUDE_SOURCE;
				MTL_FAST_MATH = YES;
				ONLY_ACTIVE_ARCH = YES;
				SDKROOT = macosx;
			};
			name = Debug;
		};
		E9FDCEBE25ADEEA5008CC514 /* Release */ = {
			isa = XCBuildConfiguration;
			buildSettings = {
				ALWAYS_SEARCH_USER_PATHS = NO;
				CLANG_ANALYZER_NONNULL = YES;
				CLANG_ANALYZER_NUMBER_OBJECT_CONVERSION = YES_AGGRESSIVE;
				CLANG_CXX_LANGUAGE_STANDARD = "gnu++14";
				CLANG_CXX_LIBRARY = "libc++";
				CLANG_ENABLE_MODULES = YES;
				CLANG_ENABLE_OBJC_ARC = YES;
				CLANG_ENABLE_OBJC_WEAK = YES;
				CLANG_WARN_BLOCK_CAPTURE_AUTORELEASING = YES;
				CLANG_WARN_BOOL_CONVERSION = YES;
				CLANG_WARN_COMMA = YES;
				CLANG_WARN_CONSTANT_CONVERSION = YES;
				CLANG_WARN_DEPRECATED_OBJC_IMPLEMENTATIONS = YES;
				CLANG_WARN_DIRECT_OBJC_ISA_USAGE = YES_ERROR;
				CLANG_WARN_DOCUMENTATION_COMMENTS = YES;
				CLANG_WARN_EMPTY_BODY = YES;
				CLANG_WARN_ENUM_CONVERSION = YES;
				CLANG_WARN_INFINITE_RECURSION = YES;
				CLANG_WARN_INT_CONVERSION = YES;
				CLANG_WARN_NON_LITERAL_NULL_CONVERSION = YES;
				CLANG_WARN_OBJC_IMPLICIT_RETAIN_SELF = YES;
				CLANG_WARN_OBJC_LITERAL_CONVERSION = YES;
				CLANG_WARN_OBJC_ROOT_CLASS = YES_ERROR;
				CLANG_WARN_QUOTED_INCLUDE_IN_FRAMEWORK_HEADER = YES;
				CLANG_WARN_RANGE_LOOP_ANALYSIS = YES;
				CLANG_WARN_STRICT_PROTOTYPES = YES;
				CLANG_WARN_SUSPICIOUS_MOVE = YES;
				CLANG_WARN_UNGUARDED_AVAILABILITY = YES_AGGRESSIVE;
				CLANG_WARN_UNREACHABLE_CODE = YES;
				CLANG_WARN__DUPLICATE_METHOD_MATCH = YES;
				COPY_PHASE_STRIP = NO;
				DEBUG_INFORMATION_FORMAT = "dwarf-with-dsym";
				ENABLE_NS_ASSERTIONS = NO;
				ENABLE_STRICT_OBJC_MSGSEND = YES;
				GCC_C_LANGUAGE_STANDARD = gnu11;
				GCC_NO_COMMON_BLOCKS = YES;
				GCC_WARN_64_TO_32_BIT_CONVERSION = YES;
				GCC_WARN_ABOUT_RETURN_TYPE = YES_ERROR;
				GCC_WARN_UNDECLARED_SELECTOR = YES;
				GCC_WARN_UNINITIALIZED_AUTOS = YES_AGGRESSIVE;
				GCC_WARN_UNUSED_FUNCTION = YES;
				GCC_WARN_UNUSED_VARIABLE = YES;
				MACOSX_DEPLOYMENT_TARGET = 10.15;
				MTL_ENABLE_DEBUG_INFO = NO;
				MTL_FAST_MATH = YES;
				SDKROOT = macosx;
			};
			name = Release;
		};
		E9FDCEC025ADEEA5008CC514 /* Debug */ = {
			isa = XCBuildConfiguration;
			buildSettings = {
				CODE_SIGN_STYLE = Automatic;
				PRODUCT_NAME = "$(TARGET_NAME)";
			};
			name = Debug;
		};
		E9FDCEC125ADEEA5008CC514 /* Release */ = {
			isa = XCBuildConfiguration;
			buildSettings = {
				CODE_SIGN_STYLE = Automatic;
				PRODUCT_NAME = "$(TARGET_NAME)";
			};
			name = Release;
		};
/* End XCBuildConfiguration section */

/* Begin XCConfigurationList section */
		E9FDCEB325ADEEA5008CC514 /* Build configuration list for PBXProject "Exercices" */ = {
			isa = XCConfigurationList;
			buildConfigurations = (
				E9FDCEBD25ADEEA5008CC514 /* Debug */,
				E9FDCEBE25ADEEA5008CC514 /* Release */,
			);
			defaultConfigurationIsVisible = 0;
			defaultConfigurationName = Release;
		};
		E9FDCEBF25ADEEA5008CC514 /* Build configuration list for PBXNativeTarget "Exercices" */ = {
			isa = XCConfigurationList;
			buildConfigurations = (
				E9FDCEC025ADEEA5008CC514 /* Debug */,
				E9FDCEC125ADEEA5008CC514 /* Release */,
			);
			defaultConfigurationIsVisible = 0;
			defaultConfigurationName = Release;
		};
/* End XCConfigurationList section */
	};
	rootObject = E9FDCEB025ADEEA5008CC514 /* Project object */;
}
